dependencies:
- name: thanos
  repository: https://charts.bitnami.com/bitnami
  version: 0.1.10
- name: grafana
  repository: https://charts.bitnami.com/bitnami
  version: 1.2.9
- name: prometheus-operator
  repository: https://charts.bitnami.com/bitnami
  version: 0.13.4
digest: sha256:80f986f1317d9416e26cb1c2fd9a92c83e90a7afcdb2ae3488b35c8f35d90979
generated: "2020-03-12T14:19:36.186084153+01:00"
