dependencies:
- name: thanos
  repository: https://charts.bitnami.com/bitnami
  version: 0.1.5
- name: grafana
  repository: https://charts.bitnami.com/bitnami
  version: 1.2.8
- name: prometheus-operator
  repository: https://charts.bitnami.com/bitnami
  version: 0.13.1
digest: sha256:e5f93014cc16a6124e1ce490d38548483d31d959eeae2c33a55e8b151227b9d2
generated: "2020-03-04T14:56:07.696791377+01:00"
