dependencies:
- name: thanos
  repository: https://charts.bitnami.com/bitnami
  version: 0.2.1
- name: grafana
  repository: https://charts.bitnami.com/bitnami
  version: 1.2.12
- name: prometheus-operator
  repository: https://charts.bitnami.com/bitnami
  version: 0.13.4
digest: sha256:9c6c0cd80da00942d2a2df7f27a13da56bd3ecf8485b29ef79c98620aaba4029
generated: "2020-03-17T16:47:29.38902299+01:00"
