dependencies:
- name: thanos
  repository: https://charts.bitnami.com/bitnami
  version: 0.1.5
- name: grafana
  repository: https://charts.bitnami.com/bitnami
  version: 1.2.8
- name: prometheus-operator
  repository: https://charts.bitnami.com/bitnami
  version: 0.12.6
digest: sha256:b5718d261167eeac63c44f11ae9dcafbbeb6b84035cb78c39f535ab23dfc9c09
generated: "2020-03-03T18:32:34.6751881+01:00"
