dependencies:
- name: thanos
  repository: https://charts.bitnami.com/bitnami
  version: 0.1.5
- name: grafana
  repository: https://charts.bitnami.com/bitnami
  version: 1.2.8
- name: prometheus-operator
  repository: https://charts.bitnami.com/bitnami
  version: 0.13.1
digest: sha256:87208f2b4f2cb099614c859f9803159e52924710cf5219b31113068eca249eb5
generated: "2020-03-04T08:42:01.654035921+01:00"
